// !$*UTF8*$!
{
	archiveVersion = 1;
	classes = {
	};
	objectVersion = 50;
	objects = {

/* Begin PBXBuildFile section */
		57C9FC7C24A047A7004D70AA /* AppDelegate.swift in Sources */ = {isa = PBXBuildFile; fileRef = 57C9FC7B24A047A7004D70AA /* AppDelegate.swift */; };
		57C9FC7E24A047A7004D70AA /* SceneDelegate.swift in Sources */ = {isa = PBXBuildFile; fileRef = 57C9FC7D24A047A7004D70AA /* SceneDelegate.swift */; };
		57C9FC8024A047A7004D70AA /* ContentView.swift in Sources */ = {isa = PBXBuildFile; fileRef = 57C9FC7F24A047A7004D70AA /* ContentView.swift */; };
		57C9FC8224A047AA004D70AA /* Assets.xcassets in Resources */ = {isa = PBXBuildFile; fileRef = 57C9FC8124A047AA004D70AA /* Assets.xcassets */; };
		57C9FC8524A047AA004D70AA /* Preview Assets.xcassets in Resources */ = {isa = PBXBuildFile; fileRef = 57C9FC8424A047AA004D70AA /* Preview Assets.xcassets */; };
		57C9FC8824A047AA004D70AA /* LaunchScreen.storyboard in Resources */ = {isa = PBXBuildFile; fileRef = 57C9FC8624A047AA004D70AA /* LaunchScreen.storyboard */; };
		57C9FC9024A061C0004D70AA /* NPCView.swift in Sources */ = {isa = PBXBuildFile; fileRef = 57C9FC8F24A061C0004D70AA /* NPCView.swift */; };
		57C9FC9224A061D1004D70AA /* islandView.swift in Sources */ = {isa = PBXBuildFile; fileRef = 57C9FC9124A061D1004D70AA /* islandView.swift */; };
		57C9FC9424A064F5004D70AA /* NPC.swift in Sources */ = {isa = PBXBuildFile; fileRef = 57C9FC9324A064F5004D70AA /* NPC.swift */; };
		57C9FC9624A06501004D70AA /* island.swift in Sources */ = {isa = PBXBuildFile; fileRef = 57C9FC9524A06501004D70AA /* island.swift */; };
		57C9FC9824A0698E004D70AA /* NPCDetail.swift in Sources */ = {isa = PBXBuildFile; fileRef = 57C9FC9724A0698E004D70AA /* NPCDetail.swift */; };
		57C9FC9A24A0699B004D70AA /* isLandDetail.swift in Sources */ = {isa = PBXBuildFile; fileRef = 57C9FC9924A0699B004D70AA /* isLandDetail.swift */; };
		57C9FC9C24A06B75004D70AA /* NPCRow.swift in Sources */ = {isa = PBXBuildFile; fileRef = 57C9FC9B24A06B75004D70AA /* NPCRow.swift */; };
		57C9FC9E24A077D4004D70AA /* isLandRow.swift in Sources */ = {isa = PBXBuildFile; fileRef = 57C9FC9D24A077D4004D70AA /* isLandRow.swift */; };
/* End PBXBuildFile section */

/* Begin PBXFileReference section */
		57C9FC7824A047A7004D70AA /* Book.app */ = {isa = PBXFileReference; explicitFileType = wrapper.application; includeInIndex = 0; path = Book.app; sourceTree = BUILT_PRODUCTS_DIR; };
		57C9FC7B24A047A7004D70AA /* AppDelegate.swift */ = {isa = PBXFileReference; lastKnownFileType = sourcecode.swift; path = AppDelegate.swift; sourceTree = "<group>"; };
		57C9FC7D24A047A7004D70AA /* SceneDelegate.swift */ = {isa = PBXFileReference; lastKnownFileType = sourcecode.swift; path = SceneDelegate.swift; sourceTree = "<group>"; };
		57C9FC7F24A047A7004D70AA /* ContentView.swift */ = {isa = PBXFileReference; lastKnownFileType = sourcecode.swift; path = ContentView.swift; sourceTree = "<group>"; };
		57C9FC8124A047AA004D70AA /* Assets.xcassets */ = {isa = PBXFileReference; lastKnownFileType = folder.assetcatalog; path = Assets.xcassets; sourceTree = "<group>"; };
		57C9FC8424A047AA004D70AA /* Preview Assets.xcassets */ = {isa = PBXFileReference; lastKnownFileType = folder.assetcatalog; path = "Preview Assets.xcassets"; sourceTree = "<group>"; };
		57C9FC8724A047AA004D70AA /* Base */ = {isa = PBXFileReference; lastKnownFileType = file.storyboard; name = Base; path = Base.lproj/LaunchScreen.storyboard; sourceTree = "<group>"; };
		57C9FC8924A047AA004D70AA /* Info.plist */ = {isa = PBXFileReference; lastKnownFileType = text.plist.xml; path = Info.plist; sourceTree = "<group>"; };
		57C9FC8F24A061C0004D70AA /* NPCView.swift */ = {isa = PBXFileReference; lastKnownFileType = sourcecode.swift; path = NPCView.swift; sourceTree = "<group>"; };
		57C9FC9124A061D1004D70AA /* islandView.swift */ = {isa = PBXFileReference; lastKnownFileType = sourcecode.swift; path = islandView.swift; sourceTree = "<group>"; };
		57C9FC9324A064F5004D70AA /* NPC.swift */ = {isa = PBXFileReference; lastKnownFileType = sourcecode.swift; path = NPC.swift; sourceTree = "<group>"; };
		57C9FC9524A06501004D70AA /* island.swift */ = {isa = PBXFileReference; lastKnownFileType = sourcecode.swift; path = island.swift; sourceTree = "<group>"; };
		57C9FC9724A0698E004D70AA /* NPCDetail.swift */ = {isa = PBXFileReference; lastKnownFileType = sourcecode.swift; path = NPCDetail.swift; sourceTree = "<group>"; };
		57C9FC9924A0699B004D70AA /* isLandDetail.swift */ = {isa = PBXFileReference; lastKnownFileType = sourcecode.swift; path = isLandDetail.swift; sourceTree = "<group>"; };
		57C9FC9B24A06B75004D70AA /* NPCRow.swift */ = {isa = PBXFileReference; lastKnownFileType = sourcecode.swift; path = NPCRow.swift; sourceTree = "<group>"; };
		57C9FC9D24A077D4004D70AA /* isLandRow.swift */ = {isa = PBXFileReference; lastKnownFileType = sourcecode.swift; path = isLandRow.swift; sourceTree = "<group>"; };
/* End PBXFileReference section */

/* Begin PBXFrameworksBuildPhase section */
		57C9FC7524A047A7004D70AA /* Frameworks */ = {
			isa = PBXFrameworksBuildPhase;
			buildActionMask = 2147483647;
			files = (
			);
			runOnlyForDeploymentPostprocessing = 0;
		};
/* End PBXFrameworksBuildPhase section */

/* Begin PBXGroup section */
		57C9FC6F24A047A7004D70AA = {
			isa = PBXGroup;
			children = (
				57C9FC9524A06501004D70AA /* island.swift */,
				57C9FC9324A064F5004D70AA /* NPC.swift */,
				57C9FC7A24A047A7004D70AA /* Book */,
				57C9FC7924A047A7004D70AA /* Products */,
			);
			sourceTree = "<group>";
		};
		57C9FC7924A047A7004D70AA /* Products */ = {
			isa = PBXGroup;
			children = (
				57C9FC7824A047A7004D70AA /* Book.app */,
			);
			name = Products;
			sourceTree = "<group>";
		};
		57C9FC7A24A047A7004D70AA /* Book */ = {
			isa = PBXGroup;
			children = (
				57C9FC7B24A047A7004D70AA /* AppDelegate.swift */,
				57C9FC7D24A047A7004D70AA /* SceneDelegate.swift */,
				57C9FC7F24A047A7004D70AA /* ContentView.swift */,
				57C9FC8124A047AA004D70AA /* Assets.xcassets */,
				57C9FC8624A047AA004D70AA /* LaunchScreen.storyboard */,
				57C9FC8924A047AA004D70AA /* Info.plist */,
				57C9FC8324A047AA004D70AA /* Preview Content */,
				57C9FC8F24A061C0004D70AA /* NPCView.swift */,
				57C9FC9124A061D1004D70AA /* islandView.swift */,
				57C9FC9724A0698E004D70AA /* NPCDetail.swift */,
				57C9FC9924A0699B004D70AA /* isLandDetail.swift */,
				57C9FC9B24A06B75004D70AA /* NPCRow.swift */,
				57C9FC9D24A077D4004D70AA /* isLandRow.swift */,
			);
			path = Book;
			sourceTree = "<group>";
		};
		57C9FC8324A047AA004D70AA /* Preview Content */ = {
			isa = PBXGroup;
			children = (
				57C9FC8424A047AA004D70AA /* Preview Assets.xcassets */,
			);
			path = "Preview Content";
			sourceTree = "<group>";
		};
/* End PBXGroup section */

/* Begin PBXNativeTarget section */
		57C9FC7724A047A7004D70AA /* Book */ = {
			isa = PBXNativeTarget;
			buildConfigurationList = 57C9FC8C24A047AA004D70AA /* Build configuration list for PBXNativeTarget "Book" */;
			buildPhases = (
				57C9FC7424A047A7004D70AA /* Sources */,
				57C9FC7524A047A7004D70AA /* Frameworks */,
				57C9FC7624A047A7004D70AA /* Resources */,
			);
			buildRules = (
			);
			dependencies = (
			);
			name = Book;
			productName = Book;
			productReference = 57C9FC7824A047A7004D70AA /* Book.app */;
			productType = "com.apple.product-type.application";
		};
/* End PBXNativeTarget section */

/* Begin PBXProject section */
		57C9FC7024A047A7004D70AA /* Project object */ = {
			isa = PBXProject;
			attributes = {
				LastSwiftUpdateCheck = 1110;
				LastUpgradeCheck = 1110;
				ORGANIZATIONNAME = sun;
				TargetAttributes = {
					57C9FC7724A047A7004D70AA = {
						CreatedOnToolsVersion = 11.1;
					};
				};
			};
			buildConfigurationList = 57C9FC7324A047A7004D70AA /* Build configuration list for PBXProject "Book" */;
			compatibilityVersion = "Xcode 9.3";
			developmentRegion = en;
			hasScannedForEncodings = 0;
			knownRegions = (
				en,
				Base,
			);
			mainGroup = 57C9FC6F24A047A7004D70AA;
			productRefGroup = 57C9FC7924A047A7004D70AA /* Products */;
			projectDirPath = "";
			projectRoot = "";
			targets = (
				57C9FC7724A047A7004D70AA /* Book */,
			);
		};
/* End PBXProject section */

/* Begin PBXResourcesBuildPhase section */
		57C9FC7624A047A7004D70AA /* Resources */ = {
			isa = PBXResourcesBuildPhase;
			buildActionMask = 2147483647;
			files = (
				57C9FC8824A047AA004D70AA /* LaunchScreen.storyboard in Resources */,
				57C9FC8524A047AA004D70AA /* Preview Assets.xcassets in Resources */,
				57C9FC8224A047AA004D70AA /* Assets.xcassets in Resources */,
			);
			runOnlyForDeploymentPostprocessing = 0;
		};
/* End PBXResourcesBuildPhase section */

/* Begin PBXSourcesBuildPhase section */
		57C9FC7424A047A7004D70AA /* Sources */ = {
			isa = PBXSourcesBuildPhase;
			buildActionMask = 2147483647;
			files = (
				57C9FC9024A061C0004D70AA /* NPCView.swift in Sources */,
				57C9FC7C24A047A7004D70AA /* AppDelegate.swift in Sources */,
				57C9FC9C24A06B75004D70AA /* NPCRow.swift in Sources */,
				57C9FC7E24A047A7004D70AA /* SceneDelegate.swift in Sources */,
				57C9FC8024A047A7004D70AA /* ContentView.swift in Sources */,
				57C9FC9A24A0699B004D70AA /* isLandDetail.swift in Sources */,
				57C9FC9E24A077D4004D70AA /* isLandRow.swift in Sources */,
				57C9FC9624A06501004D70AA /* island.swift in Sources */,
				57C9FC9224A061D1004D70AA /* islandView.swift in Sources */,
				57C9FC9824A0698E004D70AA /* NPCDetail.swift in Sources */,
				57C9FC9424A064F5004D70AA /* NPC.swift in Sources */,
			);
			runOnlyForDeploymentPostprocessing = 0;
		};
/* End PBXSourcesBuildPhase section */

/* Begin PBXVariantGroup section */
		57C9FC8624A047AA004D70AA /* LaunchScreen.storyboard */ = {
			isa = PBXVariantGroup;
			children = (
				57C9FC8724A047AA004D70AA /* Base */,
			);
			name = LaunchScreen.storyboard;
			sourceTree = "<group>";
		};
/* End PBXVariantGroup section */

/* Begin XCBuildConfiguration section */
		57C9FC8A24A047AA004D70AA /* Debug */ = {
			isa = XCBuildConfiguration;
			buildSettings = {
				ALWAYS_SEARCH_USER_PATHS = NO;
				CLANG_ANALYZER_NONNULL = YES;
				CLANG_ANALYZER_NUMBER_OBJECT_CONVERSION = YES_AGGRESSIVE;
				CLANG_CXX_LANGUAGE_STANDARD = "gnu++14";
				CLANG_CXX_LIBRARY = "libc++";
				CLANG_ENABLE_MODULES = YES;
				CLANG_ENABLE_OBJC_ARC = YES;
				CLANG_ENABLE_OBJC_WEAK = YES;
				CLANG_WARN_BLOCK_CAPTURE_AUTORELEASING = YES;
				CLANG_WARN_BOOL_CONVERSION = YES;
				CLANG_WARN_COMMA = YES;
				CLANG_WARN_CONSTANT_CONVERSION = YES;
				CLANG_WARN_DEPRECATED_OBJC_IMPLEMENTATIONS = YES;
				CLANG_WARN_DIRECT_OBJC_ISA_USAGE = YES_ERROR;
				CLANG_WARN_DOCUMENTATION_COMMENTS = YES;
				CLANG_WARN_EMPTY_BODY = YES;
				CLANG_WARN_ENUM_CONVERSION = YES;
				CLANG_WARN_INFINITE_RECURSION = YES;
				CLANG_WARN_INT_CONVERSION = YES;
				CLANG_WARN_NON_LITERAL_NULL_CONVERSION = YES;
				CLANG_WARN_OBJC_IMPLICIT_RETAIN_SELF = YES;
				CLANG_WARN_OBJC_LITERAL_CONVERSION = YES;
				CLANG_WARN_OBJC_ROOT_CLASS = YES_ERROR;
				CLANG_WARN_RANGE_LOOP_ANALYSIS = YES;
				CLANG_WARN_STRICT_PROTOTYPES = YES;
				CLANG_WARN_SUSPICIOUS_MOVE = YES;
				CLANG_WARN_UNGUARDED_AVAILABILITY = YES_AGGRESSIVE;
				CLANG_WARN_UNREACHABLE_CODE = YES;
				CLANG_WARN__DUPLICATE_METHOD_MATCH = YES;
				COPY_PHASE_STRIP = NO;
				DEBUG_INFORMATION_FORMAT = dwarf;
				ENABLE_STRICT_OBJC_MSGSEND = YES;
				ENABLE_TESTABILITY = YES;
				GCC_C_LANGUAGE_STANDARD = gnu11;
				GCC_DYNAMIC_NO_PIC = NO;
				GCC_NO_COMMON_BLOCKS = YES;
				GCC_OPTIMIZATION_LEVEL = 0;
				GCC_PREPROCESSOR_DEFINITIONS = (
					"DEBUG=1",
					"$(inherited)",
				);
				GCC_WARN_64_TO_32_BIT_CONVERSION = YES;
				GCC_WARN_ABOUT_RETURN_TYPE = YES_ERROR;
				GCC_WARN_UNDECLARED_SELECTOR = YES;
				GCC_WARN_UNINITIALIZED_AUTOS = YES_AGGRESSIVE;
				GCC_WARN_UNUSED_FUNCTION = YES;
				GCC_WARN_UNUSED_VARIABLE = YES;
				IPHONEOS_DEPLOYMENT_TARGET = 13.1;
				MTL_ENABLE_DEBUG_INFO = INCLUDE_SOURCE;
				MTL_FAST_MATH = YES;
				ONLY_ACTIVE_ARCH = YES;
				SDKROOT = iphoneos;
				SWIFT_ACTIVE_COMPILATION_CONDITIONS = DEBUG;
				SWIFT_OPTIMIZATION_LEVEL = "-Onone";
			};
			name = Debug;
		};
		57C9FC8B24A047AA004D70AA /* Release */ = {
			isa = XCBuildConfiguration;
			buildSettings = {
				ALWAYS_SEARCH_USER_PATHS = NO;
				CLANG_ANALYZER_NONNULL = YES;
				CLANG_ANALYZER_NUMBER_OBJECT_CONVERSION = YES_AGGRESSIVE;
				CLANG_CXX_LANGUAGE_STANDARD = "gnu++14";
				CLANG_CXX_LIBRARY = "libc++";
				CLANG_ENABLE_MODULES = YES;
				CLANG_ENABLE_OBJC_ARC = YES;
				CLANG_ENABLE_OBJC_WEAK = YES;
				CLANG_WARN_BLOCK_CAPTURE_AUTORELEASING = YES;
				CLANG_WARN_BOOL_CONVERSION = YES;
				CLANG_WARN_COMMA = YES;
				CLANG_WARN_CONSTANT_CONVERSION = YES;
				CLANG_WARN_DEPRECATED_OBJC_IMPLEMENTATIONS = YES;
				CLANG_WARN_DIRECT_OBJC_ISA_USAGE = YES_ERROR;
				CLANG_WARN_DOCUMENTATION_COMMENTS = YES;
				CLANG_WARN_EMPTY_BODY = YES;
				CLANG_WARN_ENUM_CONVERSION = YES;
				CLANG_WARN_INFINITE_RECURSION = YES;
				CLANG_WARN_INT_CONVERSION = YES;
				CLANG_WARN_NON_LITERAL_NULL_CONVERSION = YES;
				CLANG_WARN_OBJC_IMPLICIT_RETAIN_SELF = YES;
				CLANG_WARN_OBJC_LITERAL_CONVERSION = YES;
				CLANG_WARN_OBJC_ROOT_CLASS = YES_ERROR;
				CLANG_WARN_RANGE_LOOP_ANALYSIS = YES;
				CLANG_WARN_STRICT_PROTOTYPES = YES;
				CLANG_WARN_SUSPICIOUS_MOVE = YES;
				CLANG_WARN_UNGUARDED_AVAILABILITY = YES_AGGRESSIVE;
				CLANG_WARN_UNREACHABLE_CODE = YES;
				CLANG_WARN__DUPLICATE_METHOD_MATCH = YES;
				COPY_PHASE_STRIP = NO;
				DEBUG_INFORMATION_FORMAT = "dwarf-with-dsym";
				ENABLE_NS_ASSERTIONS = NO;
				ENABLE_STRICT_OBJC_MSGSEND = YES;
				GCC_C_LANGUAGE_STANDARD = gnu11;
				GCC_NO_COMMON_BLOCKS = YES;
				GCC_WARN_64_TO_32_BIT_CONVERSION = YES;
				GCC_WARN_ABOUT_RETURN_TYPE = YES_ERROR;
				GCC_WARN_UNDECLARED_SELECTOR = YES;
				GCC_WARN_UNINITIALIZED_AUTOS = YES_AGGRESSIVE;
				GCC_WARN_UNUSED_FUNCTION = YES;
				GCC_WARN_UNUSED_VARIABLE = YES;
				IPHONEOS_DEPLOYMENT_TARGET = 13.1;
				MTL_ENABLE_DEBUG_INFO = NO;
				MTL_FAST_MATH = YES;
				SDKROOT = iphoneos;
				SWIFT_COMPILATION_MODE = wholemodule;
				SWIFT_OPTIMIZATION_LEVEL = "-O";
				VALIDATE_PRODUCT = YES;
			};
			name = Release;
		};
		57C9FC8D24A047AA004D70AA /* Debug */ = {
			isa = XCBuildConfiguration;
			buildSettings = {
				ASSETCATALOG_COMPILER_APPICON_NAME = AppIcon;
				CODE_SIGN_STYLE = Automatic;
				DEVELOPMENT_ASSET_PATHS = "\"Book/Preview Content\"";
				ENABLE_PREVIEWS = YES;
				INFOPLIST_FILE = Book/Info.plist;
				LD_RUNPATH_SEARCH_PATHS = (
					"$(inherited)",
					"@executable_path/Frameworks",
				);
				PRODUCT_BUNDLE_IDENTIFIER = brian.Book;
				PRODUCT_NAME = "$(TARGET_NAME)";
				SWIFT_VERSION = 5.0;
				TARGETED_DEVICE_FAMILY = "1,2";
			};
			name = Debug;
		};
		57C9FC8E24A047AA004D70AA /* Release */ = {
			isa = XCBuildConfiguration;
			buildSettings = {
				ASSETCATALOG_COMPILER_APPICON_NAME = AppIcon;
				CODE_SIGN_STYLE = Automatic;
				DEVELOPMENT_ASSET_PATHS = "\"Book/Preview Content\"";
				ENABLE_PREVIEWS = YES;
				INFOPLIST_FILE = Book/Info.plist;
				LD_RUNPATH_SEARCH_PATHS = (
					"$(inherited)",
					"@executable_path/Frameworks",
				);
				PRODUCT_BUNDLE_IDENTIFIER = brian.Book;
				PRODUCT_NAME = "$(TARGET_NAME)";
				SWIFT_VERSION = 5.0;
				TARGETED_DEVICE_FAMILY = "1,2";
			};
			name = Release;
		};
/* End XCBuildConfiguration section */

/* Begin XCConfigurationList section */
		57C9FC7324A047A7004D70AA /* Build configuration list for PBXProject "Book" */ = {
			isa = XCConfigurationList;
			buildConfigurations = (
				57C9FC8A24A047AA004D70AA /* Debug */,
				57C9FC8B24A047AA004D70AA /* Release */,
			);
			defaultConfigurationIsVisible = 0;
			defaultConfigurationName = Release;
		};
		57C9FC8C24A047AA004D70AA /* Build configuration list for PBXNativeTarget "Book" */ = {
			isa = XCConfigurationList;
			buildConfigurations = (
				57C9FC8D24A047AA004D70AA /* Debug */,
				57C9FC8E24A047AA004D70AA /* Release */,
			);
			defaultConfigurationIsVisible = 0;
			defaultConfigurationName = Release;
		};
/* End XCConfigurationList section */
	};
	rootObject = 57C9FC7024A047A7004D70AA /* Project object */;
}
